
Microsoft Visual Studio Solution File, Format Version 12.00
# Visual Studio 2012
Project("{FAE04EC0-301F-11D3-BF4B-00C04F79EFBC}") = "MefDummy", "MefDummy\MefDummy.csproj", "{1BC37C7C-9785-4137-99E9-5BF05E53B8E3}"
EndProject
Project("{FAE04EC0-301F-11D3-BF4B-00C04F79EFBC}") = "Swedish", "Swedish\Swedish.csproj", "{98363D10-CED2-49BB-AD71-FCFA46C807D0}"
EndProject
Global
	GlobalSection(SolutionConfigurationPlatforms) = preSolution
		Debug|Any CPU = Debug|Any CPU
		Release|Any CPU = Release|Any CPU
	EndGlobalSection
	GlobalSection(ProjectConfigurationPlatforms) = postSolution
		{1BC37C7C-9785-4137-99E9-5BF05E53B8E3}.Debug|Any CPU.ActiveCfg = Debug|Any CPU
		{1BC37C7C-9785-4137-99E9-5BF05E53B8E3}.Debug|Any CPU.Build.0 = Debug|Any CPU
		{1BC37C7C-9785-4137-99E9-5BF05E53B8E3}.Release|Any CPU.ActiveCfg = Release|Any CPU
		{1BC37C7C-9785-4137-99E9-5BF05E53B8E3}.Release|Any CPU.Build.0 = Release|Any CPU
		{98363D10-CED2-49BB-AD71-FCFA46C807D0}.Debug|Any CPU.ActiveCfg = Debug|Any CPU
		{98363D10-CED2-49BB-AD71-FCFA46C807D0}.Debug|Any CPU.Build.0 = Debug|Any CPU
		{98363D10-CED2-49BB-AD71-FCFA46C807D0}.Release|Any CPU.ActiveCfg = Release|Any CPU
		{98363D10-CED2-49BB-AD71-FCFA46C807D0}.Release|Any CPU.Build.0 = Release|Any CPU
	EndGlobalSection
	GlobalSection(SolutionProperties) = preSolution
		HideSolutionNode = FALSE
	EndGlobalSection
EndGlobal
